
Microsoft Visual Studio Solution File, Format Version 12.00
# Visual Studio Version 17
VisualStudioVersion = 17.5.002.0
MinimumVisualStudioVersion = 10.0.40219.1
Project("{9A19103F-16F7-4668-BE54-9A1E7A4F7556}") = "data-service", "data-service\data-service.csproj", "{41CB4398-AE3F-400E-ADC9-0B373A11148D}"
EndProject
Global
	GlobalSection(SolutionConfigurationPlatforms) = preSolution
		Debug|Any CPU = Debug|Any CPU
		Release|Any CPU = Release|Any CPU
	EndGlobalSection
	GlobalSection(ProjectConfigurationPlatforms) = postSolution
		{41CB4398-AE3F-400E-ADC9-0B373A11148D}.Debug|Any CPU.ActiveCfg = Debug|Any CPU
		{41CB4398-AE3F-400E-ADC9-0B373A11148D}.Debug|Any CPU.Build.0 = Debug|Any CPU
		{41CB4398-AE3F-400E-ADC9-0B373A11148D}.Release|Any CPU.ActiveCfg = Release|Any CPU
		{41CB4398-AE3F-400E-ADC9-0B373A11148D}.Release|Any CPU.Build.0 = Release|Any CPU
	EndGlobalSection
	GlobalSection(SolutionProperties) = preSolution
		HideSolutionNode = FALSE
	EndGlobalSection
	GlobalSection(ExtensibilityGlobals) = postSolution
		SolutionGuid = {5F56C341-4EC6-4BE7-836D-FE84B6B59500}
	EndGlobalSection
EndGlobal
