
Microsoft Visual Studio Solution File, Format Version 12.00
# Visual Studio Version 17
VisualStudioVersion = 17.5.002.0
MinimumVisualStudioVersion = 10.0.40219.1
Project("{9A19103F-16F7-4668-BE54-9A1E7A4F7556}") = "Authentication", "Authentication\Authentication.csproj", "{E19371C0-B8B0-4D44-BFDE-AC2A53814FDB}"
EndProject
Global
	GlobalSection(SolutionConfigurationPlatforms) = preSolution
		Debug|Any CPU = Debug|Any CPU
		Release|Any CPU = Release|Any CPU
	EndGlobalSection
	GlobalSection(ProjectConfigurationPlatforms) = postSolution
		{E19371C0-B8B0-4D44-BFDE-AC2A53814FDB}.Debug|Any CPU.ActiveCfg = Debug|Any CPU
		{E19371C0-B8B0-4D44-BFDE-AC2A53814FDB}.Debug|Any CPU.Build.0 = Debug|Any CPU
		{E19371C0-B8B0-4D44-BFDE-AC2A53814FDB}.Release|Any CPU.ActiveCfg = Release|Any CPU
		{E19371C0-B8B0-4D44-BFDE-AC2A53814FDB}.Release|Any CPU.Build.0 = Release|Any CPU
	EndGlobalSection
	GlobalSection(SolutionProperties) = preSolution
		HideSolutionNode = FALSE
	EndGlobalSection
	GlobalSection(ExtensibilityGlobals) = postSolution
		SolutionGuid = {C484AABC-4F24-4752-A76B-469043D239C6}
	EndGlobalSection
EndGlobal
